// !$*UTF8*$!
{
	archiveVersion = 1;
	classes = {
	};
	objectVersion = 56;
	objects = {

/* Begin PBXBuildFile section */
		050437A3290AEB0500E5B786 /* OpeningPageViewController.swift in Sources */ = {isa = PBXBuildFile; fileRef = 050437A2290AEB0500E5B786 /* OpeningPageViewController.swift */; };
		050437A5290AEB3800E5B786 /* TermsAndConditionsViewController.swift in Sources */ = {isa = PBXBuildFile; fileRef = 050437A4290AEB3800E5B786 /* TermsAndConditionsViewController.swift */; };
		0566F83B292419200001023E /* GoogleService-Info.plist in Resources */ = {isa = PBXBuildFile; fileRef = 0566F83A292419200001023E /* GoogleService-Info.plist */; };
		0566F83E29241A3C0001023E /* FirebaseAnalytics in Frameworks */ = {isa = PBXBuildFile; productRef = 0566F83D29241A3C0001023E /* FirebaseAnalytics */; };
		0566F84029241A3C0001023E /* FirebaseAnalyticsOnDeviceConversion in Frameworks */ = {isa = PBXBuildFile; productRef = 0566F83F29241A3C0001023E /* FirebaseAnalyticsOnDeviceConversion */; };
		0566F84229241A3C0001023E /* FirebaseAnalyticsSwift in Frameworks */ = {isa = PBXBuildFile; productRef = 0566F84129241A3C0001023E /* FirebaseAnalyticsSwift */; };
		0566F84429241A3C0001023E /* FirebaseAnalyticsWithoutAdIdSupport in Frameworks */ = {isa = PBXBuildFile; productRef = 0566F84329241A3C0001023E /* FirebaseAnalyticsWithoutAdIdSupport */; };
		0566F84629241A3C0001023E /* FirebaseAppCheck in Frameworks */ = {isa = PBXBuildFile; productRef = 0566F84529241A3C0001023E /* FirebaseAppCheck */; };
		0566F84829241A3C0001023E /* FirebaseAppDistribution-Beta in Frameworks */ = {isa = PBXBuildFile; productRef = 0566F84729241A3C0001023E /* FirebaseAppDistribution-Beta */; };
		0566F84A29241A3C0001023E /* FirebaseAuth in Frameworks */ = {isa = PBXBuildFile; productRef = 0566F84929241A3C0001023E /* FirebaseAuth */; };
		0566F84C29241A3C0001023E /* FirebaseAuthCombine-Community in Frameworks */ = {isa = PBXBuildFile; productRef = 0566F84B29241A3C0001023E /* FirebaseAuthCombine-Community */; };
		0566F84E29241A3C0001023E /* FirebaseCrashlytics in Frameworks */ = {isa = PBXBuildFile; productRef = 0566F84D29241A3C0001023E /* FirebaseCrashlytics */; };
		0566F85029241A3C0001023E /* FirebaseDatabase in Frameworks */ = {isa = PBXBuildFile; productRef = 0566F84F29241A3C0001023E /* FirebaseDatabase */; };
		0566F85229241A3C0001023E /* FirebaseDatabaseSwift in Frameworks */ = {isa = PBXBuildFile; productRef = 0566F85129241A3C0001023E /* FirebaseDatabaseSwift */; };
		0566F85429241A3C0001023E /* FirebaseDynamicLinks in Frameworks */ = {isa = PBXBuildFile; productRef = 0566F85329241A3C0001023E /* FirebaseDynamicLinks */; };
		0566F85629241A3C0001023E /* FirebaseFirestore in Frameworks */ = {isa = PBXBuildFile; productRef = 0566F85529241A3C0001023E /* FirebaseFirestore */; };
		0566F85829241A3C0001023E /* FirebaseFirestoreCombine-Community in Frameworks */ = {isa = PBXBuildFile; productRef = 0566F85729241A3C0001023E /* FirebaseFirestoreCombine-Community */; };
		0566F85A29241A3C0001023E /* FirebaseFirestoreSwift in Frameworks */ = {isa = PBXBuildFile; productRef = 0566F85929241A3C0001023E /* FirebaseFirestoreSwift */; };
		0566F85C29241A3C0001023E /* FirebaseFunctions in Frameworks */ = {isa = PBXBuildFile; productRef = 0566F85B29241A3C0001023E /* FirebaseFunctions */; };
		0566F85E29241A3C0001023E /* FirebaseFunctionsCombine-Community in Frameworks */ = {isa = PBXBuildFile; productRef = 0566F85D29241A3C0001023E /* FirebaseFunctionsCombine-Community */; };
		0566F86029241A3C0001023E /* FirebaseInAppMessaging-Beta in Frameworks */ = {isa = PBXBuildFile; productRef = 0566F85F29241A3C0001023E /* FirebaseInAppMessaging-Beta */; };
		0566F86229241A3C0001023E /* FirebaseInAppMessagingSwift-Beta in Frameworks */ = {isa = PBXBuildFile; productRef = 0566F86129241A3C0001023E /* FirebaseInAppMessagingSwift-Beta */; };
		0566F86429241A3C0001023E /* FirebaseInstallations in Frameworks */ = {isa = PBXBuildFile; productRef = 0566F86329241A3C0001023E /* FirebaseInstallations */; };
		0566F86629241A3C0001023E /* FirebaseMLModelDownloader in Frameworks */ = {isa = PBXBuildFile; productRef = 0566F86529241A3C0001023E /* FirebaseMLModelDownloader */; };
		0566F86829241A3D0001023E /* FirebaseMessaging in Frameworks */ = {isa = PBXBuildFile; productRef = 0566F86729241A3D0001023E /* FirebaseMessaging */; };
		0566F86A29241A3D0001023E /* FirebasePerformance in Frameworks */ = {isa = PBXBuildFile; productRef = 0566F86929241A3D0001023E /* FirebasePerformance */; };
		0566F86C29241A3D0001023E /* FirebaseRemoteConfig in Frameworks */ = {isa = PBXBuildFile; productRef = 0566F86B29241A3D0001023E /* FirebaseRemoteConfig */; };
		0566F86E29241A3D0001023E /* FirebaseRemoteConfigSwift in Frameworks */ = {isa = PBXBuildFile; productRef = 0566F86D29241A3D0001023E /* FirebaseRemoteConfigSwift */; };
		0566F87029241A3D0001023E /* FirebaseStorage in Frameworks */ = {isa = PBXBuildFile; productRef = 0566F86F29241A3D0001023E /* FirebaseStorage */; };
		0566F87229241A3D0001023E /* FirebaseStorageCombine-Community in Frameworks */ = {isa = PBXBuildFile; productRef = 0566F87129241A3D0001023E /* FirebaseStorageCombine-Community */; };
		0566F87429241A960001023E /* AppDelegate.swift in Sources */ = {isa = PBXBuildFile; fileRef = 0566F87329241A960001023E /* AppDelegate.swift */; };
		0566F87629241A9E0001023E /* SceneDelegate.swift in Sources */ = {isa = PBXBuildFile; fileRef = 0566F87529241A9E0001023E /* SceneDelegate.swift */; };
		0572D5BD291ACE580084EDCD /* Assets.xcassets in Resources */ = {isa = PBXBuildFile; fileRef = 0572D5BC291ACE580084EDCD /* Assets.xcassets */; };
		0598E3C6291D7A4C00FDB15E /* EmergencyTabViewController.swift in Sources */ = {isa = PBXBuildFile; fileRef = 0598E3C5291D7A4C00FDB15E /* EmergencyTabViewController.swift */; };
		05ECCF442906F8A80089D010 /* Preview Assets.xcassets in Resources */ = {isa = PBXBuildFile; fileRef = 05ECCF432906F8A80089D010 /* Preview Assets.xcassets */; };
		05ECCF4E2906F8A90089D010 /* MU_SOSMainAppTests.swift in Sources */ = {isa = PBXBuildFile; fileRef = 05ECCF4D2906F8A90089D010 /* MU_SOSMainAppTests.swift */; };
		05ECCF582906F8A90089D010 /* MU_SOSMainAppUITests.swift in Sources */ = {isa = PBXBuildFile; fileRef = 05ECCF572906F8A90089D010 /* MU_SOSMainAppUITests.swift */; };
		05ECCF5A2906F8A90089D010 /* MU_SOSMainAppUITestsLaunchTests.swift in Sources */ = {isa = PBXBuildFile; fileRef = 05ECCF592906F8A90089D010 /* MU_SOSMainAppUITestsLaunchTests.swift */; };
		05ECCF672906F8CD0089D010 /* Storyboard.storyboard in Resources */ = {isa = PBXBuildFile; fileRef = 05ECCF662906F8CD0089D010 /* Storyboard.storyboard */; };
/* End PBXBuildFile section */

/* Begin PBXContainerItemProxy section */
		05ECCF4A2906F8A90089D010 /* PBXContainerItemProxy */ = {
			isa = PBXContainerItemProxy;
			containerPortal = 05ECCF302906F8A70089D010 /* Project object */;
			proxyType = 1;
			remoteGlobalIDString = 05ECCF372906F8A70089D010;
			remoteInfo = "MU-SOSMainApp";
		};
		05ECCF542906F8A90089D010 /* PBXContainerItemProxy */ = {
			isa = PBXContainerItemProxy;
			containerPortal = 05ECCF302906F8A70089D010 /* Project object */;
			proxyType = 1;
			remoteGlobalIDString = 05ECCF372906F8A70089D010;
			remoteInfo = "MU-SOSMainApp";
		};
/* End PBXContainerItemProxy section */

/* Begin PBXFileReference section */
		050437A2290AEB0500E5B786 /* OpeningPageViewController.swift */ = {isa = PBXFileReference; lastKnownFileType = sourcecode.swift; path = OpeningPageViewController.swift; sourceTree = "<group>"; };
		050437A4290AEB3800E5B786 /* TermsAndConditionsViewController.swift */ = {isa = PBXFileReference; lastKnownFileType = sourcecode.swift; path = TermsAndConditionsViewController.swift; sourceTree = "<group>"; };
		0566F83A292419200001023E /* GoogleService-Info.plist */ = {isa = PBXFileReference; fileEncoding = 4; lastKnownFileType = text.plist.xml; path = "GoogleService-Info.plist"; sourceTree = "<group>"; };
		0566F87329241A960001023E /* AppDelegate.swift */ = {isa = PBXFileReference; fileEncoding = 4; lastKnownFileType = sourcecode.swift; path = AppDelegate.swift; sourceTree = "<group>"; };
		0566F87529241A9E0001023E /* SceneDelegate.swift */ = {isa = PBXFileReference; fileEncoding = 4; lastKnownFileType = sourcecode.swift; path = SceneDelegate.swift; sourceTree = "<group>"; };
		0572D5BC291ACE580084EDCD /* Assets.xcassets */ = {isa = PBXFileReference; lastKnownFileType = folder.assetcatalog; path = Assets.xcassets; sourceTree = "<group>"; };
		0598E3C5291D7A4C00FDB15E /* EmergencyTabViewController.swift */ = {isa = PBXFileReference; lastKnownFileType = sourcecode.swift; path = EmergencyTabViewController.swift; sourceTree = "<group>"; };
		05ECCF382906F8A70089D010 /* MU-SOSMainApp.app */ = {isa = PBXFileReference; explicitFileType = wrapper.application; includeInIndex = 0; path = "MU-SOSMainApp.app"; sourceTree = BUILT_PRODUCTS_DIR; };
		05ECCF412906F8A80089D010 /* MU_SOSMainApp.entitlements */ = {isa = PBXFileReference; lastKnownFileType = text.plist.entitlements; path = MU_SOSMainApp.entitlements; sourceTree = "<group>"; };
		05ECCF432906F8A80089D010 /* Preview Assets.xcassets */ = {isa = PBXFileReference; lastKnownFileType = folder.assetcatalog; path = "Preview Assets.xcassets"; sourceTree = "<group>"; };
		05ECCF492906F8A90089D010 /* MU-SOSMainAppTests.xctest */ = {isa = PBXFileReference; explicitFileType = wrapper.cfbundle; includeInIndex = 0; path = "MU-SOSMainAppTests.xctest"; sourceTree = BUILT_PRODUCTS_DIR; };
		05ECCF4D2906F8A90089D010 /* MU_SOSMainAppTests.swift */ = {isa = PBXFileReference; lastKnownFileType = sourcecode.swift; path = MU_SOSMainAppTests.swift; sourceTree = "<group>"; };
		05ECCF532906F8A90089D010 /* MU-SOSMainAppUITests.xctest */ = {isa = PBXFileReference; explicitFileType = wrapper.cfbundle; includeInIndex = 0; path = "MU-SOSMainAppUITests.xctest"; sourceTree = BUILT_PRODUCTS_DIR; };
		05ECCF572906F8A90089D010 /* MU_SOSMainAppUITests.swift */ = {isa = PBXFileReference; lastKnownFileType = sourcecode.swift; path = MU_SOSMainAppUITests.swift; sourceTree = "<group>"; };
		05ECCF592906F8A90089D010 /* MU_SOSMainAppUITestsLaunchTests.swift */ = {isa = PBXFileReference; lastKnownFileType = sourcecode.swift; path = MU_SOSMainAppUITestsLaunchTests.swift; sourceTree = "<group>"; };
		05ECCF662906F8CD0089D010 /* Storyboard.storyboard */ = {isa = PBXFileReference; lastKnownFileType = file.storyboard; path = Storyboard.storyboard; sourceTree = "<group>"; };
/* End PBXFileReference section */

/* Begin PBXFrameworksBuildPhase section */
		05ECCF352906F8A70089D010 /* Frameworks */ = {
			isa = PBXFrameworksBuildPhase;
			buildActionMask = 2147483647;
			files = (
				0566F85029241A3C0001023E /* FirebaseDatabase in Frameworks */,
				0566F85E29241A3C0001023E /* FirebaseFunctionsCombine-Community in Frameworks */,
				0566F85629241A3C0001023E /* FirebaseFirestore in Frameworks */,
				0566F84229241A3C0001023E /* FirebaseAnalyticsSwift in Frameworks */,
				0566F83E29241A3C0001023E /* FirebaseAnalytics in Frameworks */,
				0566F84029241A3C0001023E /* FirebaseAnalyticsOnDeviceConversion in Frameworks */,
				0566F86629241A3C0001023E /* FirebaseMLModelDownloader in Frameworks */,
				0566F85A29241A3C0001023E /* FirebaseFirestoreSwift in Frameworks */,
				0566F84629241A3C0001023E /* FirebaseAppCheck in Frameworks */,
				0566F84429241A3C0001023E /* FirebaseAnalyticsWithoutAdIdSupport in Frameworks */,
				0566F84A29241A3C0001023E /* FirebaseAuth in Frameworks */,
				0566F84E29241A3C0001023E /* FirebaseCrashlytics in Frameworks */,
				0566F86E29241A3D0001023E /* FirebaseRemoteConfigSwift in Frameworks */,
				0566F86029241A3C0001023E /* FirebaseInAppMessaging-Beta in Frameworks */,
				0566F85229241A3C0001023E /* FirebaseDatabaseSwift in Frameworks */,
				0566F85C29241A3C0001023E /* FirebaseFunctions in Frameworks */,
				0566F87229241A3D0001023E /* FirebaseStorageCombine-Community in Frameworks */,
				0566F86C29241A3D0001023E /* FirebaseRemoteConfig in Frameworks */,
				0566F84829241A3C0001023E /* FirebaseAppDistribution-Beta in Frameworks */,
				0566F84C29241A3C0001023E /* FirebaseAuthCombine-Community in Frameworks */,
				0566F86A29241A3D0001023E /* FirebasePerformance in Frameworks */,
				0566F86229241A3C0001023E /* FirebaseInAppMessagingSwift-Beta in Frameworks */,
				0566F87029241A3D0001023E /* FirebaseStorage in Frameworks */,
				0566F85429241A3C0001023E /* FirebaseDynamicLinks in Frameworks */,
				0566F85829241A3C0001023E /* FirebaseFirestoreCombine-Community in Frameworks */,
				0566F86829241A3D0001023E /* FirebaseMessaging in Frameworks */,
				0566F86429241A3C0001023E /* FirebaseInstallations in Frameworks */,
			);
			runOnlyForDeploymentPostprocessing = 0;
		};
		05ECCF462906F8A90089D010 /* Frameworks */ = {
			isa = PBXFrameworksBuildPhase;
			buildActionMask = 2147483647;
			files = (
			);
			runOnlyForDeploymentPostprocessing = 0;
		};
		05ECCF502906F8A90089D010 /* Frameworks */ = {
			isa = PBXFrameworksBuildPhase;
			buildActionMask = 2147483647;
			files = (
			);
			runOnlyForDeploymentPostprocessing = 0;
		};
/* End PBXFrameworksBuildPhase section */

/* Begin PBXGroup section */
		05ECCF2F2906F8A70089D010 = {
			isa = PBXGroup;
			children = (
				05ECCF3A2906F8A70089D010 /* MU-SOSMainApp */,
				05ECCF4C2906F8A90089D010 /* MU-SOSMainAppTests */,
				05ECCF562906F8A90089D010 /* MU-SOSMainAppUITests */,
				05ECCF392906F8A70089D010 /* Products */,
			);
			sourceTree = "<group>";
		};
		05ECCF392906F8A70089D010 /* Products */ = {
			isa = PBXGroup;
			children = (
				05ECCF382906F8A70089D010 /* MU-SOSMainApp.app */,
				05ECCF492906F8A90089D010 /* MU-SOSMainAppTests.xctest */,
				05ECCF532906F8A90089D010 /* MU-SOSMainAppUITests.xctest */,
			);
			name = Products;
			sourceTree = "<group>";
		};
		05ECCF3A2906F8A70089D010 /* MU-SOSMainApp */ = {
			isa = PBXGroup;
			children = (
				0566F87329241A960001023E /* AppDelegate.swift */,
				0566F87529241A9E0001023E /* SceneDelegate.swift */,
				05ECCF662906F8CD0089D010 /* Storyboard.storyboard */,
				050437A2290AEB0500E5B786 /* OpeningPageViewController.swift */,
				050437A4290AEB3800E5B786 /* TermsAndConditionsViewController.swift */,
				0598E3C5291D7A4C00FDB15E /* EmergencyTabViewController.swift */,
				0572D5BC291ACE580084EDCD /* Assets.xcassets */,
				05ECCF412906F8A80089D010 /* MU_SOSMainApp.entitlements */,
				0566F83A292419200001023E /* GoogleService-Info.plist */,
				05ECCF422906F8A80089D010 /* Preview Content */,
			);
			path = "MU-SOSMainApp";
			sourceTree = "<group>";
		};
		05ECCF422906F8A80089D010 /* Preview Content */ = {
			isa = PBXGroup;
			children = (
				05ECCF432906F8A80089D010 /* Preview Assets.xcassets */,
			);
			path = "Preview Content";
			sourceTree = "<group>";
		};
		05ECCF4C2906F8A90089D010 /* MU-SOSMainAppTests */ = {
			isa = PBXGroup;
			children = (
				05ECCF4D2906F8A90089D010 /* MU_SOSMainAppTests.swift */,
			);
			path = "MU-SOSMainAppTests";
			sourceTree = "<group>";
		};
		05ECCF562906F8A90089D010 /* MU-SOSMainAppUITests */ = {
			isa = PBXGroup;
			children = (
				05ECCF572906F8A90089D010 /* MU_SOSMainAppUITests.swift */,
				05ECCF592906F8A90089D010 /* MU_SOSMainAppUITestsLaunchTests.swift */,
			);
			path = "MU-SOSMainAppUITests";
			sourceTree = "<group>";
		};
/* End PBXGroup section */

/* Begin PBXNativeTarget section */
		05ECCF372906F8A70089D010 /* MU-SOSMainApp */ = {
			isa = PBXNativeTarget;
			buildConfigurationList = 05ECCF5D2906F8A90089D010 /* Build configuration list for PBXNativeTarget "MU-SOSMainApp" */;
			buildPhases = (
				05ECCF342906F8A70089D010 /* Sources */,
				05ECCF352906F8A70089D010 /* Frameworks */,
				05ECCF362906F8A70089D010 /* Resources */,
			);
			buildRules = (
			);
			dependencies = (
			);
			name = "MU-SOSMainApp";
			packageProductDependencies = (
				0566F83D29241A3C0001023E /* FirebaseAnalytics */,
				0566F83F29241A3C0001023E /* FirebaseAnalyticsOnDeviceConversion */,
				0566F84129241A3C0001023E /* FirebaseAnalyticsSwift */,
				0566F84329241A3C0001023E /* FirebaseAnalyticsWithoutAdIdSupport */,
				0566F84529241A3C0001023E /* FirebaseAppCheck */,
				0566F84729241A3C0001023E /* FirebaseAppDistribution-Beta */,
				0566F84929241A3C0001023E /* FirebaseAuth */,
				0566F84B29241A3C0001023E /* FirebaseAuthCombine-Community */,
				0566F84D29241A3C0001023E /* FirebaseCrashlytics */,
				0566F84F29241A3C0001023E /* FirebaseDatabase */,
				0566F85129241A3C0001023E /* FirebaseDatabaseSwift */,
				0566F85329241A3C0001023E /* FirebaseDynamicLinks */,
				0566F85529241A3C0001023E /* FirebaseFirestore */,
				0566F85729241A3C0001023E /* FirebaseFirestoreCombine-Community */,
				0566F85929241A3C0001023E /* FirebaseFirestoreSwift */,
				0566F85B29241A3C0001023E /* FirebaseFunctions */,
				0566F85D29241A3C0001023E /* FirebaseFunctionsCombine-Community */,
				0566F85F29241A3C0001023E /* FirebaseInAppMessaging-Beta */,
				0566F86129241A3C0001023E /* FirebaseInAppMessagingSwift-Beta */,
				0566F86329241A3C0001023E /* FirebaseInstallations */,
				0566F86529241A3C0001023E /* FirebaseMLModelDownloader */,
				0566F86729241A3D0001023E /* FirebaseMessaging */,
				0566F86929241A3D0001023E /* FirebasePerformance */,
				0566F86B29241A3D0001023E /* FirebaseRemoteConfig */,
				0566F86D29241A3D0001023E /* FirebaseRemoteConfigSwift */,
				0566F86F29241A3D0001023E /* FirebaseStorage */,
				0566F87129241A3D0001023E /* FirebaseStorageCombine-Community */,
			);
			productName = "MU-SOSMainApp";
			productReference = 05ECCF382906F8A70089D010 /* MU-SOSMainApp.app */;
			productType = "com.apple.product-type.application";
		};
		05ECCF482906F8A90089D010 /* MU-SOSMainAppTests */ = {
			isa = PBXNativeTarget;
			buildConfigurationList = 05ECCF602906F8A90089D010 /* Build configuration list for PBXNativeTarget "MU-SOSMainAppTests" */;
			buildPhases = (
				05ECCF452906F8A90089D010 /* Sources */,
				05ECCF462906F8A90089D010 /* Frameworks */,
				05ECCF472906F8A90089D010 /* Resources */,
			);
			buildRules = (
			);
			dependencies = (
				05ECCF4B2906F8A90089D010 /* PBXTargetDependency */,
			);
			name = "MU-SOSMainAppTests";
			productName = "MU-SOSMainAppTests";
			productReference = 05ECCF492906F8A90089D010 /* MU-SOSMainAppTests.xctest */;
			productType = "com.apple.product-type.bundle.unit-test";
		};
		05ECCF522906F8A90089D010 /* MU-SOSMainAppUITests */ = {
			isa = PBXNativeTarget;
			buildConfigurationList = 05ECCF632906F8A90089D010 /* Build configuration list for PBXNativeTarget "MU-SOSMainAppUITests" */;
			buildPhases = (
				05ECCF4F2906F8A90089D010 /* Sources */,
				05ECCF502906F8A90089D010 /* Frameworks */,
				05ECCF512906F8A90089D010 /* Resources */,
			);
			buildRules = (
			);
			dependencies = (
				05ECCF552906F8A90089D010 /* PBXTargetDependency */,
			);
			name = "MU-SOSMainAppUITests";
			productName = "MU-SOSMainAppUITests";
			productReference = 05ECCF532906F8A90089D010 /* MU-SOSMainAppUITests.xctest */;
			productType = "com.apple.product-type.bundle.ui-testing";
		};
/* End PBXNativeTarget section */

/* Begin PBXProject section */
		05ECCF302906F8A70089D010 /* Project object */ = {
			isa = PBXProject;
			attributes = {
				BuildIndependentTargetsInParallel = 1;
				LastSwiftUpdateCheck = 1400;
				LastUpgradeCheck = 1400;
				TargetAttributes = {
					05ECCF372906F8A70089D010 = {
						CreatedOnToolsVersion = 14.0.1;
					};
					05ECCF482906F8A90089D010 = {
						CreatedOnToolsVersion = 14.0.1;
						TestTargetID = 05ECCF372906F8A70089D010;
					};
					05ECCF522906F8A90089D010 = {
						CreatedOnToolsVersion = 14.0.1;
						TestTargetID = 05ECCF372906F8A70089D010;
					};
				};
			};
			buildConfigurationList = 05ECCF332906F8A70089D010 /* Build configuration list for PBXProject "MU-SOSMainApp" */;
			compatibilityVersion = "Xcode 14.0";
			developmentRegion = en;
			hasScannedForEncodings = 0;
			knownRegions = (
				en,
				Base,
			);
			mainGroup = 05ECCF2F2906F8A70089D010;
			packageReferences = (
				0566F83C29241A3C0001023E /* XCRemoteSwiftPackageReference "firebase-ios-sdk" */,
			);
			productRefGroup = 05ECCF392906F8A70089D010 /* Products */;
			projectDirPath = "";
			projectRoot = "";
			targets = (
				05ECCF372906F8A70089D010 /* MU-SOSMainApp */,
				05ECCF482906F8A90089D010 /* MU-SOSMainAppTests */,
				05ECCF522906F8A90089D010 /* MU-SOSMainAppUITests */,
			);
		};
/* End PBXProject section */

/* Begin PBXResourcesBuildPhase section */
		05ECCF362906F8A70089D010 /* Resources */ = {
			isa = PBXResourcesBuildPhase;
			buildActionMask = 2147483647;
			files = (
				05ECCF442906F8A80089D010 /* Preview Assets.xcassets in Resources */,
				0566F83B292419200001023E /* GoogleService-Info.plist in Resources */,
				0572D5BD291ACE580084EDCD /* Assets.xcassets in Resources */,
				05ECCF672906F8CD0089D010 /* Storyboard.storyboard in Resources */,
			);
			runOnlyForDeploymentPostprocessing = 0;
		};
		05ECCF472906F8A90089D010 /* Resources */ = {
			isa = PBXResourcesBuildPhase;
			buildActionMask = 2147483647;
			files = (
			);
			runOnlyForDeploymentPostprocessing = 0;
		};
		05ECCF512906F8A90089D010 /* Resources */ = {
			isa = PBXResourcesBuildPhase;
			buildActionMask = 2147483647;
			files = (
			);
			runOnlyForDeploymentPostprocessing = 0;
		};
/* End PBXResourcesBuildPhase section */

/* Begin PBXSourcesBuildPhase section */
		05ECCF342906F8A70089D010 /* Sources */ = {
			isa = PBXSourcesBuildPhase;
			buildActionMask = 2147483647;
			files = (
				0566F87629241A9E0001023E /* SceneDelegate.swift in Sources */,
				0566F87429241A960001023E /* AppDelegate.swift in Sources */,
				0598E3C6291D7A4C00FDB15E /* EmergencyTabViewController.swift in Sources */,
				050437A3290AEB0500E5B786 /* OpeningPageViewController.swift in Sources */,
				050437A5290AEB3800E5B786 /* TermsAndConditionsViewController.swift in Sources */,
			);
			runOnlyForDeploymentPostprocessing = 0;
		};
		05ECCF452906F8A90089D010 /* Sources */ = {
			isa = PBXSourcesBuildPhase;
			buildActionMask = 2147483647;
			files = (
				05ECCF4E2906F8A90089D010 /* MU_SOSMainAppTests.swift in Sources */,
			);
			runOnlyForDeploymentPostprocessing = 0;
		};
		05ECCF4F2906F8A90089D010 /* Sources */ = {
			isa = PBXSourcesBuildPhase;
			buildActionMask = 2147483647;
			files = (
				05ECCF582906F8A90089D010 /* MU_SOSMainAppUITests.swift in Sources */,
				05ECCF5A2906F8A90089D010 /* MU_SOSMainAppUITestsLaunchTests.swift in Sources */,
			);
			runOnlyForDeploymentPostprocessing = 0;
		};
/* End PBXSourcesBuildPhase section */

/* Begin PBXTargetDependency section */
		05ECCF4B2906F8A90089D010 /* PBXTargetDependency */ = {
			isa = PBXTargetDependency;
			target = 05ECCF372906F8A70089D010 /* MU-SOSMainApp */;
			targetProxy = 05ECCF4A2906F8A90089D010 /* PBXContainerItemProxy */;
		};
		05ECCF552906F8A90089D010 /* PBXTargetDependency */ = {
			isa = PBXTargetDependency;
			target = 05ECCF372906F8A70089D010 /* MU-SOSMainApp */;
			targetProxy = 05ECCF542906F8A90089D010 /* PBXContainerItemProxy */;
		};
/* End PBXTargetDependency section */

/* Begin XCBuildConfiguration section */
		05ECCF5B2906F8A90089D010 /* Debug */ = {
			isa = XCBuildConfiguration;
			buildSettings = {
				ALWAYS_SEARCH_USER_PATHS = NO;
				CLANG_ANALYZER_NONNULL = YES;
				CLANG_ANALYZER_NUMBER_OBJECT_CONVERSION = YES_AGGRESSIVE;
				CLANG_CXX_LANGUAGE_STANDARD = "gnu++20";
				CLANG_ENABLE_MODULES = YES;
				CLANG_ENABLE_OBJC_ARC = YES;
				CLANG_ENABLE_OBJC_WEAK = YES;
				CLANG_WARN_BLOCK_CAPTURE_AUTORELEASING = YES;
				CLANG_WARN_BOOL_CONVERSION = YES;
				CLANG_WARN_COMMA = YES;
				CLANG_WARN_CONSTANT_CONVERSION = YES;
				CLANG_WARN_DEPRECATED_OBJC_IMPLEMENTATIONS = YES;
				CLANG_WARN_DIRECT_OBJC_ISA_USAGE = YES_ERROR;
				CLANG_WARN_DOCUMENTATION_COMMENTS = YES;
				CLANG_WARN_EMPTY_BODY = YES;
				CLANG_WARN_ENUM_CONVERSION = YES;
				CLANG_WARN_INFINITE_RECURSION = YES;
				CLANG_WARN_INT_CONVERSION = YES;
				CLANG_WARN_NON_LITERAL_NULL_CONVERSION = YES;
				CLANG_WARN_OBJC_IMPLICIT_RETAIN_SELF = YES;
				CLANG_WARN_OBJC_LITERAL_CONVERSION = YES;
				CLANG_WARN_OBJC_ROOT_CLASS = YES_ERROR;
				CLANG_WARN_QUOTED_INCLUDE_IN_FRAMEWORK_HEADER = YES;
				CLANG_WARN_RANGE_LOOP_ANALYSIS = YES;
				CLANG_WARN_STRICT_PROTOTYPES = YES;
				CLANG_WARN_SUSPICIOUS_MOVE = YES;
				CLANG_WARN_UNGUARDED_AVAILABILITY = YES_AGGRESSIVE;
				CLANG_WARN_UNREACHABLE_CODE = YES;
				CLANG_WARN__DUPLICATE_METHOD_MATCH = YES;
				COPY_PHASE_STRIP = NO;
				DEBUG_INFORMATION_FORMAT = dwarf;
				ENABLE_STRICT_OBJC_MSGSEND = YES;
				ENABLE_TESTABILITY = YES;
				GCC_C_LANGUAGE_STANDARD = gnu11;
				GCC_DYNAMIC_NO_PIC = NO;
				GCC_NO_COMMON_BLOCKS = YES;
				GCC_OPTIMIZATION_LEVEL = 0;
				GCC_PREPROCESSOR_DEFINITIONS = (
					"DEBUG=1",
					"$(inherited)",
				);
				GCC_WARN_64_TO_32_BIT_CONVERSION = YES;
				GCC_WARN_ABOUT_RETURN_TYPE = YES_ERROR;
				GCC_WARN_UNDECLARED_SELECTOR = YES;
				GCC_WARN_UNINITIALIZED_AUTOS = YES_AGGRESSIVE;
				GCC_WARN_UNUSED_FUNCTION = YES;
				GCC_WARN_UNUSED_VARIABLE = YES;
				MTL_ENABLE_DEBUG_INFO = INCLUDE_SOURCE;
				MTL_FAST_MATH = YES;
				ONLY_ACTIVE_ARCH = YES;
				SWIFT_ACTIVE_COMPILATION_CONDITIONS = DEBUG;
				SWIFT_OPTIMIZATION_LEVEL = "-Onone";
			};
			name = Debug;
		};
		05ECCF5C2906F8A90089D010 /* Release */ = {
			isa = XCBuildConfiguration;
			buildSettings = {
				ALWAYS_SEARCH_USER_PATHS = NO;
				CLANG_ANALYZER_NONNULL = YES;
				CLANG_ANALYZER_NUMBER_OBJECT_CONVERSION = YES_AGGRESSIVE;
				CLANG_CXX_LANGUAGE_STANDARD = "gnu++20";
				CLANG_ENABLE_MODULES = YES;
				CLANG_ENABLE_OBJC_ARC = YES;
				CLANG_ENABLE_OBJC_WEAK = YES;
				CLANG_WARN_BLOCK_CAPTURE_AUTORELEASING = YES;
				CLANG_WARN_BOOL_CONVERSION = YES;
				CLANG_WARN_COMMA = YES;
				CLANG_WARN_CONSTANT_CONVERSION = YES;
				CLANG_WARN_DEPRECATED_OBJC_IMPLEMENTATIONS = YES;
				CLANG_WARN_DIRECT_OBJC_ISA_USAGE = YES_ERROR;
				CLANG_WARN_DOCUMENTATION_COMMENTS = YES;
				CLANG_WARN_EMPTY_BODY = YES;
				CLANG_WARN_ENUM_CONVERSION = YES;
				CLANG_WARN_INFINITE_RECURSION = YES;
				CLANG_WARN_INT_CONVERSION = YES;
				CLANG_WARN_NON_LITERAL_NULL_CONVERSION = YES;
				CLANG_WARN_OBJC_IMPLICIT_RETAIN_SELF = YES;
				CLANG_WARN_OBJC_LITERAL_CONVERSION = YES;
				CLANG_WARN_OBJC_ROOT_CLASS = YES_ERROR;
				CLANG_WARN_QUOTED_INCLUDE_IN_FRAMEWORK_HEADER = YES;
				CLANG_WARN_RANGE_LOOP_ANALYSIS = YES;
				CLANG_WARN_STRICT_PROTOTYPES = YES;
				CLANG_WARN_SUSPICIOUS_MOVE = YES;
				CLANG_WARN_UNGUARDED_AVAILABILITY = YES_AGGRESSIVE;
				CLANG_WARN_UNREACHABLE_CODE = YES;
				CLANG_WARN__DUPLICATE_METHOD_MATCH = YES;
				COPY_PHASE_STRIP = NO;
				DEBUG_INFORMATION_FORMAT = "dwarf-with-dsym";
				ENABLE_NS_ASSERTIONS = NO;
				ENABLE_STRICT_OBJC_MSGSEND = YES;
				GCC_C_LANGUAGE_STANDARD = gnu11;
				GCC_NO_COMMON_BLOCKS = YES;
				GCC_WARN_64_TO_32_BIT_CONVERSION = YES;
				GCC_WARN_ABOUT_RETURN_TYPE = YES_ERROR;
				GCC_WARN_UNDECLARED_SELECTOR = YES;
				GCC_WARN_UNINITIALIZED_AUTOS = YES_AGGRESSIVE;
				GCC_WARN_UNUSED_FUNCTION = YES;
				GCC_WARN_UNUSED_VARIABLE = YES;
				MTL_ENABLE_DEBUG_INFO = NO;
				MTL_FAST_MATH = YES;
				SWIFT_COMPILATION_MODE = wholemodule;
				SWIFT_OPTIMIZATION_LEVEL = "-O";
			};
			name = Release;
		};
		05ECCF5E2906F8A90089D010 /* Debug */ = {
			isa = XCBuildConfiguration;
			buildSettings = {
				ASSETCATALOG_COMPILER_APPICON_NAME = AppIcon;
				ASSETCATALOG_COMPILER_GLOBAL_ACCENT_COLOR_NAME = AccentColor;
				CODE_SIGN_ENTITLEMENTS = "MU-SOSMainApp/MU_SOSMainApp.entitlements";
				CODE_SIGN_STYLE = Automatic;
				CURRENT_PROJECT_VERSION = 1;
				DEVELOPMENT_ASSET_PATHS = "\"MU-SOSMainApp/Preview Content\"";
				ENABLE_PREVIEWS = YES;
				GENERATE_INFOPLIST_FILE = YES;
				"INFOPLIST_KEY_UIApplicationSceneManifest_Generation[sdk=iphoneos*]" = YES;
				"INFOPLIST_KEY_UIApplicationSceneManifest_Generation[sdk=iphonesimulator*]" = YES;
				"INFOPLIST_KEY_UIApplicationSupportsIndirectInputEvents[sdk=iphoneos*]" = YES;
				"INFOPLIST_KEY_UIApplicationSupportsIndirectInputEvents[sdk=iphonesimulator*]" = YES;
				"INFOPLIST_KEY_UILaunchScreen_Generation[sdk=iphoneos*]" = YES;
				"INFOPLIST_KEY_UILaunchScreen_Generation[sdk=iphonesimulator*]" = YES;
				"INFOPLIST_KEY_UIStatusBarStyle[sdk=iphoneos*]" = UIStatusBarStyleDefault;
				"INFOPLIST_KEY_UIStatusBarStyle[sdk=iphonesimulator*]" = UIStatusBarStyleDefault;
				INFOPLIST_KEY_UISupportedInterfaceOrientations_iPad = "UIInterfaceOrientationPortrait UIInterfaceOrientationPortraitUpsideDown UIInterfaceOrientationLandscapeLeft UIInterfaceOrientationLandscapeRight";
				INFOPLIST_KEY_UISupportedInterfaceOrientations_iPhone = "UIInterfaceOrientationPortrait UIInterfaceOrientationLandscapeLeft UIInterfaceOrientationLandscapeRight";
				IPHONEOS_DEPLOYMENT_TARGET = 16.0;
				LD_RUNPATH_SEARCH_PATHS = "@executable_path/Frameworks";
				"LD_RUNPATH_SEARCH_PATHS[sdk=macosx*]" = "@executable_path/../Frameworks";
				MACOSX_DEPLOYMENT_TARGET = 12.3;
				MARKETING_VERSION = 1.0;
				PRODUCT_BUNDLE_IDENTIFIER = "com.MU-SOSMainApp";
				PRODUCT_NAME = "$(TARGET_NAME)";
				SDKROOT = auto;
				SUPPORTED_PLATFORMS = "iphoneos iphonesimulator macosx";
				SWIFT_EMIT_LOC_STRINGS = YES;
				SWIFT_VERSION = 5.0;
				TARGETED_DEVICE_FAMILY = "1,2";
			};
			name = Debug;
		};
		05ECCF5F2906F8A90089D010 /* Release */ = {
			isa = XCBuildConfiguration;
			buildSettings = {
				ASSETCATALOG_COMPILER_APPICON_NAME = AppIcon;
				ASSETCATALOG_COMPILER_GLOBAL_ACCENT_COLOR_NAME = AccentColor;
				CODE_SIGN_ENTITLEMENTS = "MU-SOSMainApp/MU_SOSMainApp.entitlements";
				CODE_SIGN_STYLE = Automatic;
				CURRENT_PROJECT_VERSION = 1;
				DEVELOPMENT_ASSET_PATHS = "\"MU-SOSMainApp/Preview Content\"";
				ENABLE_PREVIEWS = YES;
				GENERATE_INFOPLIST_FILE = YES;
				"INFOPLIST_KEY_UIApplicationSceneManifest_Generation[sdk=iphoneos*]" = YES;
				"INFOPLIST_KEY_UIApplicationSceneManifest_Generation[sdk=iphonesimulator*]" = YES;
				"INFOPLIST_KEY_UIApplicationSupportsIndirectInputEvents[sdk=iphoneos*]" = YES;
				"INFOPLIST_KEY_UIApplicationSupportsIndirectInputEvents[sdk=iphonesimulator*]" = YES;
				"INFOPLIST_KEY_UILaunchScreen_Generation[sdk=iphoneos*]" = YES;
				"INFOPLIST_KEY_UILaunchScreen_Generation[sdk=iphonesimulator*]" = YES;
				"INFOPLIST_KEY_UIStatusBarStyle[sdk=iphoneos*]" = UIStatusBarStyleDefault;
				"INFOPLIST_KEY_UIStatusBarStyle[sdk=iphonesimulator*]" = UIStatusBarStyleDefault;
				INFOPLIST_KEY_UISupportedInterfaceOrientations_iPad = "UIInterfaceOrientationPortrait UIInterfaceOrientationPortraitUpsideDown UIInterfaceOrientationLandscapeLeft UIInterfaceOrientationLandscapeRight";
				INFOPLIST_KEY_UISupportedInterfaceOrientations_iPhone = "UIInterfaceOrientationPortrait UIInterfaceOrientationLandscapeLeft UIInterfaceOrientationLandscapeRight";
				IPHONEOS_DEPLOYMENT_TARGET = 16.0;
				LD_RUNPATH_SEARCH_PATHS = "@executable_path/Frameworks";
				"LD_RUNPATH_SEARCH_PATHS[sdk=macosx*]" = "@executable_path/../Frameworks";
				MACOSX_DEPLOYMENT_TARGET = 12.3;
				MARKETING_VERSION = 1.0;
				PRODUCT_BUNDLE_IDENTIFIER = "com.MU-SOSMainApp";
				PRODUCT_NAME = "$(TARGET_NAME)";
				SDKROOT = auto;
				SUPPORTED_PLATFORMS = "iphoneos iphonesimulator macosx";
				SWIFT_EMIT_LOC_STRINGS = YES;
				SWIFT_VERSION = 5.0;
				TARGETED_DEVICE_FAMILY = "1,2";
			};
			name = Release;
		};
		05ECCF612906F8A90089D010 /* Debug */ = {
			isa = XCBuildConfiguration;
			buildSettings = {
				ALWAYS_EMBED_SWIFT_STANDARD_LIBRARIES = YES;
				BUNDLE_LOADER = "$(TEST_HOST)";
				CODE_SIGN_STYLE = Automatic;
				CURRENT_PROJECT_VERSION = 1;
				GENERATE_INFOPLIST_FILE = YES;
				IPHONEOS_DEPLOYMENT_TARGET = 16.0;
				MACOSX_DEPLOYMENT_TARGET = 12.3;
				MARKETING_VERSION = 1.0;
				PRODUCT_BUNDLE_IDENTIFIER = "com.MU-SOSMainAppTests";
				PRODUCT_NAME = "$(TARGET_NAME)";
				SDKROOT = auto;
				SUPPORTED_PLATFORMS = "iphoneos iphonesimulator macosx";
				SWIFT_EMIT_LOC_STRINGS = NO;
				SWIFT_VERSION = 5.0;
				TARGETED_DEVICE_FAMILY = "1,2";
				TEST_HOST = "$(BUILT_PRODUCTS_DIR)/MU-SOSMainApp.app/$(BUNDLE_EXECUTABLE_FOLDER_PATH)/MU-SOSMainApp";
			};
			name = Debug;
		};
		05ECCF622906F8A90089D010 /* Release */ = {
			isa = XCBuildConfiguration;
			buildSettings = {
				ALWAYS_EMBED_SWIFT_STANDARD_LIBRARIES = YES;
				BUNDLE_LOADER = "$(TEST_HOST)";
				CODE_SIGN_STYLE = Automatic;
				CURRENT_PROJECT_VERSION = 1;
				GENERATE_INFOPLIST_FILE = YES;
				IPHONEOS_DEPLOYMENT_TARGET = 16.0;
				MACOSX_DEPLOYMENT_TARGET = 12.3;
				MARKETING_VERSION = 1.0;
				PRODUCT_BUNDLE_IDENTIFIER = "com.MU-SOSMainAppTests";
				PRODUCT_NAME = "$(TARGET_NAME)";
				SDKROOT = auto;
				SUPPORTED_PLATFORMS = "iphoneos iphonesimulator macosx";
				SWIFT_EMIT_LOC_STRINGS = NO;
				SWIFT_VERSION = 5.0;
				TARGETED_DEVICE_FAMILY = "1,2";
				TEST_HOST = "$(BUILT_PRODUCTS_DIR)/MU-SOSMainApp.app/$(BUNDLE_EXECUTABLE_FOLDER_PATH)/MU-SOSMainApp";
			};
			name = Release;
		};
		05ECCF642906F8A90089D010 /* Debug */ = {
			isa = XCBuildConfiguration;
			buildSettings = {
				ALWAYS_EMBED_SWIFT_STANDARD_LIBRARIES = YES;
				CODE_SIGN_STYLE = Automatic;
				CURRENT_PROJECT_VERSION = 1;
				GENERATE_INFOPLIST_FILE = YES;
				IPHONEOS_DEPLOYMENT_TARGET = 16.0;
				MACOSX_DEPLOYMENT_TARGET = 12.3;
				MARKETING_VERSION = 1.0;
				PRODUCT_BUNDLE_IDENTIFIER = "com.MU-SOSMainAppUITests";
				PRODUCT_NAME = "$(TARGET_NAME)";
				SDKROOT = auto;
				SUPPORTED_PLATFORMS = "iphoneos iphonesimulator macosx";
				SWIFT_EMIT_LOC_STRINGS = NO;
				SWIFT_VERSION = 5.0;
				TARGETED_DEVICE_FAMILY = "1,2";
				TEST_TARGET_NAME = "MU-SOSMainApp";
			};
			name = Debug;
		};
		05ECCF652906F8A90089D010 /* Release */ = {
			isa = XCBuildConfiguration;
			buildSettings = {
				ALWAYS_EMBED_SWIFT_STANDARD_LIBRARIES = YES;
				CODE_SIGN_STYLE = Automatic;
				CURRENT_PROJECT_VERSION = 1;
				GENERATE_INFOPLIST_FILE = YES;
				IPHONEOS_DEPLOYMENT_TARGET = 16.0;
				MACOSX_DEPLOYMENT_TARGET = 12.3;
				MARKETING_VERSION = 1.0;
				PRODUCT_BUNDLE_IDENTIFIER = "com.MU-SOSMainAppUITests";
				PRODUCT_NAME = "$(TARGET_NAME)";
				SDKROOT = auto;
				SUPPORTED_PLATFORMS = "iphoneos iphonesimulator macosx";
				SWIFT_EMIT_LOC_STRINGS = NO;
				SWIFT_VERSION = 5.0;
				TARGETED_DEVICE_FAMILY = "1,2";
				TEST_TARGET_NAME = "MU-SOSMainApp";
			};
			name = Release;
		};
/* End XCBuildConfiguration section */

/* Begin XCConfigurationList section */
		05ECCF332906F8A70089D010 /* Build configuration list for PBXProject "MU-SOSMainApp" */ = {
			isa = XCConfigurationList;
			buildConfigurations = (
				05ECCF5B2906F8A90089D010 /* Debug */,
				05ECCF5C2906F8A90089D010 /* Release */,
			);
			defaultConfigurationIsVisible = 0;
			defaultConfigurationName = Release;
		};
		05ECCF5D2906F8A90089D010 /* Build configuration list for PBXNativeTarget "MU-SOSMainApp" */ = {
			isa = XCConfigurationList;
			buildConfigurations = (
				05ECCF5E2906F8A90089D010 /* Debug */,
				05ECCF5F2906F8A90089D010 /* Release */,
			);
			defaultConfigurationIsVisible = 0;
			defaultConfigurationName = Release;
		};
		05ECCF602906F8A90089D010 /* Build configuration list for PBXNativeTarget "MU-SOSMainAppTests" */ = {
			isa = XCConfigurationList;
			buildConfigurations = (
				05ECCF612906F8A90089D010 /* Debug */,
				05ECCF622906F8A90089D010 /* Release */,
			);
			defaultConfigurationIsVisible = 0;
			defaultConfigurationName = Release;
		};
		05ECCF632906F8A90089D010 /* Build configuration list for PBXNativeTarget "MU-SOSMainAppUITests" */ = {
			isa = XCConfigurationList;
			buildConfigurations = (
				05ECCF642906F8A90089D010 /* Debug */,
				05ECCF652906F8A90089D010 /* Release */,
			);
			defaultConfigurationIsVisible = 0;
			defaultConfigurationName = Release;
		};
/* End XCConfigurationList section */

/* Begin XCRemoteSwiftPackageReference section */
		0566F83C29241A3C0001023E /* XCRemoteSwiftPackageReference "firebase-ios-sdk" */ = {
			isa = XCRemoteSwiftPackageReference;
			repositoryURL = "https://github.com/firebase/firebase-ios-sdk";
			requirement = {
				kind = upToNextMajorVersion;
				minimumVersion = 9.0.0;
			};
		};
/* End XCRemoteSwiftPackageReference section */

/* Begin XCSwiftPackageProductDependency section */
		0566F83D29241A3C0001023E /* FirebaseAnalytics */ = {
			isa = XCSwiftPackageProductDependency;
			package = 0566F83C29241A3C0001023E /* XCRemoteSwiftPackageReference "firebase-ios-sdk" */;
			productName = FirebaseAnalytics;
		};
		0566F83F29241A3C0001023E /* FirebaseAnalyticsOnDeviceConversion */ = {
			isa = XCSwiftPackageProductDependency;
			package = 0566F83C29241A3C0001023E /* XCRemoteSwiftPackageReference "firebase-ios-sdk" */;
			productName = FirebaseAnalyticsOnDeviceConversion;
		};
		0566F84129241A3C0001023E /* FirebaseAnalyticsSwift */ = {
			isa = XCSwiftPackageProductDependency;
			package = 0566F83C29241A3C0001023E /* XCRemoteSwiftPackageReference "firebase-ios-sdk" */;
			productName = FirebaseAnalyticsSwift;
		};
		0566F84329241A3C0001023E /* FirebaseAnalyticsWithoutAdIdSupport */ = {
			isa = XCSwiftPackageProductDependency;
			package = 0566F83C29241A3C0001023E /* XCRemoteSwiftPackageReference "firebase-ios-sdk" */;
			productName = FirebaseAnalyticsWithoutAdIdSupport;
		};
		0566F84529241A3C0001023E /* FirebaseAppCheck */ = {
			isa = XCSwiftPackageProductDependency;
			package = 0566F83C29241A3C0001023E /* XCRemoteSwiftPackageReference "firebase-ios-sdk" */;
			productName = FirebaseAppCheck;
		};
		0566F84729241A3C0001023E /* FirebaseAppDistribution-Beta */ = {
			isa = XCSwiftPackageProductDependency;
			package = 0566F83C29241A3C0001023E /* XCRemoteSwiftPackageReference "firebase-ios-sdk" */;
			productName = "FirebaseAppDistribution-Beta";
		};
		0566F84929241A3C0001023E /* FirebaseAuth */ = {
			isa = XCSwiftPackageProductDependency;
			package = 0566F83C29241A3C0001023E /* XCRemoteSwiftPackageReference "firebase-ios-sdk" */;
			productName = FirebaseAuth;
		};
		0566F84B29241A3C0001023E /* FirebaseAuthCombine-Community */ = {
			isa = XCSwiftPackageProductDependency;
			package = 0566F83C29241A3C0001023E /* XCRemoteSwiftPackageReference "firebase-ios-sdk" */;
			productName = "FirebaseAuthCombine-Community";
		};
		0566F84D29241A3C0001023E /* FirebaseCrashlytics */ = {
			isa = XCSwiftPackageProductDependency;
			package = 0566F83C29241A3C0001023E /* XCRemoteSwiftPackageReference "firebase-ios-sdk" */;
			productName = FirebaseCrashlytics;
		};
		0566F84F29241A3C0001023E /* FirebaseDatabase */ = {
			isa = XCSwiftPackageProductDependency;
			package = 0566F83C29241A3C0001023E /* XCRemoteSwiftPackageReference "firebase-ios-sdk" */;
			productName = FirebaseDatabase;
		};
		0566F85129241A3C0001023E /* FirebaseDatabaseSwift */ = {
			isa = XCSwiftPackageProductDependency;
			package = 0566F83C29241A3C0001023E /* XCRemoteSwiftPackageReference "firebase-ios-sdk" */;
			productName = FirebaseDatabaseSwift;
		};
		0566F85329241A3C0001023E /* FirebaseDynamicLinks */ = {
			isa = XCSwiftPackageProductDependency;
			package = 0566F83C29241A3C0001023E /* XCRemoteSwiftPackageReference "firebase-ios-sdk" */;
			productName = FirebaseDynamicLinks;
		};
		0566F85529241A3C0001023E /* FirebaseFirestore */ = {
			isa = XCSwiftPackageProductDependency;
			package = 0566F83C29241A3C0001023E /* XCRemoteSwiftPackageReference "firebase-ios-sdk" */;
			productName = FirebaseFirestore;
		};
		0566F85729241A3C0001023E /* FirebaseFirestoreCombine-Community */ = {
			isa = XCSwiftPackageProductDependency;
			package = 0566F83C29241A3C0001023E /* XCRemoteSwiftPackageReference "firebase-ios-sdk" */;
			productName = "FirebaseFirestoreCombine-Community";
		};
		0566F85929241A3C0001023E /* FirebaseFirestoreSwift */ = {
			isa = XCSwiftPackageProductDependency;
			package = 0566F83C29241A3C0001023E /* XCRemoteSwiftPackageReference "firebase-ios-sdk" */;
			productName = FirebaseFirestoreSwift;
		};
		0566F85B29241A3C0001023E /* FirebaseFunctions */ = {
			isa = XCSwiftPackageProductDependency;
			package = 0566F83C29241A3C0001023E /* XCRemoteSwiftPackageReference "firebase-ios-sdk" */;
			productName = FirebaseFunctions;
		};
		0566F85D29241A3C0001023E /* FirebaseFunctionsCombine-Community */ = {
			isa = XCSwiftPackageProductDependency;
			package = 0566F83C29241A3C0001023E /* XCRemoteSwiftPackageReference "firebase-ios-sdk" */;
			productName = "FirebaseFunctionsCombine-Community";
		};
		0566F85F29241A3C0001023E /* FirebaseInAppMessaging-Beta */ = {
			isa = XCSwiftPackageProductDependency;
			package = 0566F83C29241A3C0001023E /* XCRemoteSwiftPackageReference "firebase-ios-sdk" */;
			productName = "FirebaseInAppMessaging-Beta";
		};
		0566F86129241A3C0001023E /* FirebaseInAppMessagingSwift-Beta */ = {
			isa = XCSwiftPackageProductDependency;
			package = 0566F83C29241A3C0001023E /* XCRemoteSwiftPackageReference "firebase-ios-sdk" */;
			productName = "FirebaseInAppMessagingSwift-Beta";
		};
		0566F86329241A3C0001023E /* FirebaseInstallations */ = {
			isa = XCSwiftPackageProductDependency;
			package = 0566F83C29241A3C0001023E /* XCRemoteSwiftPackageReference "firebase-ios-sdk" */;
			productName = FirebaseInstallations;
		};
		0566F86529241A3C0001023E /* FirebaseMLModelDownloader */ = {
			isa = XCSwiftPackageProductDependency;
			package = 0566F83C29241A3C0001023E /* XCRemoteSwiftPackageReference "firebase-ios-sdk" */;
			productName = FirebaseMLModelDownloader;
		};
		0566F86729241A3D0001023E /* FirebaseMessaging */ = {
			isa = XCSwiftPackageProductDependency;
			package = 0566F83C29241A3C0001023E /* XCRemoteSwiftPackageReference "firebase-ios-sdk" */;
			productName = FirebaseMessaging;
		};
		0566F86929241A3D0001023E /* FirebasePerformance */ = {
			isa = XCSwiftPackageProductDependency;
			package = 0566F83C29241A3C0001023E /* XCRemoteSwiftPackageReference "firebase-ios-sdk" */;
			productName = FirebasePerformance;
		};
		0566F86B29241A3D0001023E /* FirebaseRemoteConfig */ = {
			isa = XCSwiftPackageProductDependency;
			package = 0566F83C29241A3C0001023E /* XCRemoteSwiftPackageReference "firebase-ios-sdk" */;
			productName = FirebaseRemoteConfig;
		};
		0566F86D29241A3D0001023E /* FirebaseRemoteConfigSwift */ = {
			isa = XCSwiftPackageProductDependency;
			package = 0566F83C29241A3C0001023E /* XCRemoteSwiftPackageReference "firebase-ios-sdk" */;
			productName = FirebaseRemoteConfigSwift;
		};
		0566F86F29241A3D0001023E /* FirebaseStorage */ = {
			isa = XCSwiftPackageProductDependency;
			package = 0566F83C29241A3C0001023E /* XCRemoteSwiftPackageReference "firebase-ios-sdk" */;
			productName = FirebaseStorage;
		};
		0566F87129241A3D0001023E /* FirebaseStorageCombine-Community */ = {
			isa = XCSwiftPackageProductDependency;
			package = 0566F83C29241A3C0001023E /* XCRemoteSwiftPackageReference "firebase-ios-sdk" */;
			productName = "FirebaseStorageCombine-Community";
		};
/* End XCSwiftPackageProductDependency section */
	};
	rootObject = 05ECCF302906F8A70089D010 /* Project object */;
}
